
Microsoft Visual Studio Solution File, Format Version 12.00
# Visual Studio 15
VisualStudioVersion = 15.0.28307.168
MinimumVisualStudioVersion = 10.0.40219.1
Project("{FAE04EC0-301F-11D3-BF4B-00C04F79EFBC}") = "SkiaSharpTest.Android", "SkiaSharpTest\SkiaSharpTest.Android\SkiaSharpTest.Android.csproj", "{BD13F06E-D952-4DDE-8930-F03071E401F5}"
EndProject
Project("{FAE04EC0-301F-11D3-BF4B-00C04F79EFBC}") = "SkiaSharpTest", "SkiaSharpTest\SkiaSharpTest\SkiaSharpTest.csproj", "{C070CA41-F40C-4223-92A1-E45D1482D600}"
EndProject
Global
	GlobalSection(SolutionConfigurationPlatforms) = preSolution
		Debug|Any CPU = Debug|Any CPU
		Release|Any CPU = Release|Any CPU
	EndGlobalSection
	GlobalSection(ProjectConfigurationPlatforms) = postSolution
		{BD13F06E-D952-4DDE-8930-F03071E401F5}.Debug|Any CPU.ActiveCfg = Debug|Any CPU
		{BD13F06E-D952-4DDE-8930-F03071E401F5}.Debug|Any CPU.Build.0 = Debug|Any CPU
		{BD13F06E-D952-4DDE-8930-F03071E401F5}.Debug|Any CPU.Deploy.0 = Debug|Any CPU
		{BD13F06E-D952-4DDE-8930-F03071E401F5}.Release|Any CPU.ActiveCfg = Release|Any CPU
		{BD13F06E-D952-4DDE-8930-F03071E401F5}.Release|Any CPU.Build.0 = Release|Any CPU
		{BD13F06E-D952-4DDE-8930-F03071E401F5}.Release|Any CPU.Deploy.0 = Release|Any CPU
		{C070CA41-F40C-4223-92A1-E45D1482D600}.Debug|Any CPU.ActiveCfg = Debug|Any CPU
		{C070CA41-F40C-4223-92A1-E45D1482D600}.Debug|Any CPU.Build.0 = Debug|Any CPU
		{C070CA41-F40C-4223-92A1-E45D1482D600}.Debug|Any CPU.Deploy.0 = Debug|Any CPU
		{C070CA41-F40C-4223-92A1-E45D1482D600}.Release|Any CPU.ActiveCfg = Release|Any CPU
		{C070CA41-F40C-4223-92A1-E45D1482D600}.Release|Any CPU.Build.0 = Release|Any CPU
		{C070CA41-F40C-4223-92A1-E45D1482D600}.Release|Any CPU.Deploy.0 = Release|Any CPU
	EndGlobalSection
	GlobalSection(SolutionProperties) = preSolution
		HideSolutionNode = FALSE
	EndGlobalSection
	GlobalSection(ExtensibilityGlobals) = postSolution
		SolutionGuid = {3597A123-CEC3-45EE-8AF4-38483D08E444}
	EndGlobalSection
EndGlobal
